
Microsoft Visual Studio Solution File, Format Version 12.00
# Visual Studio Version 17
VisualStudioVersion = 17.4.33103.184
MinimumVisualStudioVersion = 10.0.40219.1
Project("{FAE04EC0-301F-11D3-BF4B-00C04F79EFBC}") = "fivetask", "fivetask\fivetask.csproj", "{22C1223D-0472-4B47-A891-11E828C07C0F}"
EndProject
Global
	GlobalSection(SolutionConfigurationPlatforms) = preSolution
		Debug|Any CPU = Debug|Any CPU
		Release|Any CPU = Release|Any CPU
	EndGlobalSection
	GlobalSection(ProjectConfigurationPlatforms) = postSolution
		{22C1223D-0472-4B47-A891-11E828C07C0F}.Debug|Any CPU.ActiveCfg = Debug|Any CPU
		{22C1223D-0472-4B47-A891-11E828C07C0F}.Debug|Any CPU.Build.0 = Debug|Any CPU
		{22C1223D-0472-4B47-A891-11E828C07C0F}.Release|Any CPU.ActiveCfg = Release|Any CPU
		{22C1223D-0472-4B47-A891-11E828C07C0F}.Release|Any CPU.Build.0 = Release|Any CPU
	EndGlobalSection
	GlobalSection(SolutionProperties) = preSolution
		HideSolutionNode = FALSE
	EndGlobalSection
	GlobalSection(ExtensibilityGlobals) = postSolution
		SolutionGuid = {0672199D-4E04-4087-AD4E-243ED26C888B}
	EndGlobalSection
EndGlobal
